// !$*UTF8*$!
{
	archiveVersion = 1;
	classes = {
	};
	objectVersion = 55;
	objects = {

/* Begin PBXBuildFile section */
		0491A48A29B30D3A007136D2 /* AppDelegate.swift in Sources */ = {isa = PBXBuildFile; fileRef = 0491A48929B30D3A007136D2 /* AppDelegate.swift */; };
		0491A48C29B30D3A007136D2 /* SceneDelegate.swift in Sources */ = {isa = PBXBuildFile; fileRef = 0491A48B29B30D3A007136D2 /* SceneDelegate.swift */; };
		0491A48E29B30D3A007136D2 /* ViewController.swift in Sources */ = {isa = PBXBuildFile; fileRef = 0491A48D29B30D3A007136D2 /* ViewController.swift */; };
		0491A49129B30D3B007136D2 /* Main.storyboard in Resources */ = {isa = PBXBuildFile; fileRef = 0491A48F29B30D3B007136D2 /* Main.storyboard */; };
		0491A49329B30D3D007136D2 /* Assets.xcassets in Resources */ = {isa = PBXBuildFile; fileRef = 0491A49229B30D3D007136D2 /* Assets.xcassets */; };
		0491A49629B30D3D007136D2 /* LaunchScreen.storyboard in Resources */ = {isa = PBXBuildFile; fileRef = 0491A49429B30D3D007136D2 /* LaunchScreen.storyboard */; };
		0491A49E29B30E3C007136D2 /* HomeViewController.swift in Sources */ = {isa = PBXBuildFile; fileRef = 0491A49D29B30E3C007136D2 /* HomeViewController.swift */; };
		0491A4A029B31162007136D2 /* Users.swift in Sources */ = {isa = PBXBuildFile; fileRef = 0491A49F29B31162007136D2 /* Users.swift */; };
		0491A4A329B31434007136D2 /* UsersCollectionViewCell.swift in Sources */ = {isa = PBXBuildFile; fileRef = 0491A4A129B31434007136D2 /* UsersCollectionViewCell.swift */; };
		0491A4A429B31434007136D2 /* UsersCollectionViewCell.xib in Resources */ = {isa = PBXBuildFile; fileRef = 0491A4A229B31434007136D2 /* UsersCollectionViewCell.xib */; };
		0491A4AA29B31D96007136D2 /* Populations.swift in Sources */ = {isa = PBXBuildFile; fileRef = 0491A4A929B31D96007136D2 /* Populations.swift */; };
		0491A4AD29B339C5007136D2 /* PopulationTableViewCell.swift in Sources */ = {isa = PBXBuildFile; fileRef = 0491A4AB29B339C5007136D2 /* PopulationTableViewCell.swift */; };
		0491A4AE29B339C5007136D2 /* PopulationTableViewCell.xib in Resources */ = {isa = PBXBuildFile; fileRef = 0491A4AC29B339C5007136D2 /* PopulationTableViewCell.xib */; };
		0AE100277DEFA7AD70355F9C /* Pods_CompanyTask.framework in Frameworks */ = {isa = PBXBuildFile; fileRef = 506C54945CEC2573B4437813 /* Pods_CompanyTask.framework */; };
/* End PBXBuildFile section */

/* Begin PBXFileReference section */
		0491A48629B30D3A007136D2 /* CompanyTask.app */ = {isa = PBXFileReference; explicitFileType = wrapper.application; includeInIndex = 0; path = CompanyTask.app; sourceTree = BUILT_PRODUCTS_DIR; };
		0491A48929B30D3A007136D2 /* AppDelegate.swift */ = {isa = PBXFileReference; lastKnownFileType = sourcecode.swift; path = AppDelegate.swift; sourceTree = "<group>"; };
		0491A48B29B30D3A007136D2 /* SceneDelegate.swift */ = {isa = PBXFileReference; lastKnownFileType = sourcecode.swift; path = SceneDelegate.swift; sourceTree = "<group>"; };
		0491A48D29B30D3A007136D2 /* ViewController.swift */ = {isa = PBXFileReference; lastKnownFileType = sourcecode.swift; path = ViewController.swift; sourceTree = "<group>"; };
		0491A49029B30D3B007136D2 /* Base */ = {isa = PBXFileReference; lastKnownFileType = file.storyboard; name = Base; path = Base.lproj/Main.storyboard; sourceTree = "<group>"; };
		0491A49229B30D3D007136D2 /* Assets.xcassets */ = {isa = PBXFileReference; lastKnownFileType = folder.assetcatalog; path = Assets.xcassets; sourceTree = "<group>"; };
		0491A49529B30D3D007136D2 /* Base */ = {isa = PBXFileReference; lastKnownFileType = file.storyboard; name = Base; path = Base.lproj/LaunchScreen.storyboard; sourceTree = "<group>"; };
		0491A49729B30D3D007136D2 /* Info.plist */ = {isa = PBXFileReference; lastKnownFileType = text.plist.xml; path = Info.plist; sourceTree = "<group>"; };
		0491A49D29B30E3C007136D2 /* HomeViewController.swift */ = {isa = PBXFileReference; lastKnownFileType = sourcecode.swift; path = HomeViewController.swift; sourceTree = "<group>"; };
		0491A49F29B31162007136D2 /* Users.swift */ = {isa = PBXFileReference; lastKnownFileType = sourcecode.swift; path = Users.swift; sourceTree = "<group>"; };
		0491A4A129B31434007136D2 /* UsersCollectionViewCell.swift */ = {isa = PBXFileReference; lastKnownFileType = sourcecode.swift; path = UsersCollectionViewCell.swift; sourceTree = "<group>"; };
		0491A4A229B31434007136D2 /* UsersCollectionViewCell.xib */ = {isa = PBXFileReference; lastKnownFileType = file.xib; path = UsersCollectionViewCell.xib; sourceTree = "<group>"; };
		0491A4A929B31D96007136D2 /* Populations.swift */ = {isa = PBXFileReference; lastKnownFileType = sourcecode.swift; path = Populations.swift; sourceTree = "<group>"; };
		0491A4AB29B339C5007136D2 /* PopulationTableViewCell.swift */ = {isa = PBXFileReference; lastKnownFileType = sourcecode.swift; path = PopulationTableViewCell.swift; sourceTree = "<group>"; };
		0491A4AC29B339C5007136D2 /* PopulationTableViewCell.xib */ = {isa = PBXFileReference; lastKnownFileType = file.xib; path = PopulationTableViewCell.xib; sourceTree = "<group>"; };
		506C54945CEC2573B4437813 /* Pods_CompanyTask.framework */ = {isa = PBXFileReference; explicitFileType = wrapper.framework; includeInIndex = 0; path = Pods_CompanyTask.framework; sourceTree = BUILT_PRODUCTS_DIR; };
		78AC12E6B616EB93A7F44FFC /* Pods-CompanyTask.debug.xcconfig */ = {isa = PBXFileReference; includeInIndex = 1; lastKnownFileType = text.xcconfig; name = "Pods-CompanyTask.debug.xcconfig"; path = "Target Support Files/Pods-CompanyTask/Pods-CompanyTask.debug.xcconfig"; sourceTree = "<group>"; };
		B32859836107A868FBBBF48C /* Pods-CompanyTask.release.xcconfig */ = {isa = PBXFileReference; includeInIndex = 1; lastKnownFileType = text.xcconfig; name = "Pods-CompanyTask.release.xcconfig"; path = "Target Support Files/Pods-CompanyTask/Pods-CompanyTask.release.xcconfig"; sourceTree = "<group>"; };
/* End PBXFileReference section */

/* Begin PBXFrameworksBuildPhase section */
		0491A48329B30D3A007136D2 /* Frameworks */ = {
			isa = PBXFrameworksBuildPhase;
			buildActionMask = 2147483647;
			files = (
				0AE100277DEFA7AD70355F9C /* Pods_CompanyTask.framework in Frameworks */,
			);
			runOnlyForDeploymentPostprocessing = 0;
		};
/* End PBXFrameworksBuildPhase section */

/* Begin PBXGroup section */
		0491A47D29B30D3A007136D2 = {
			isa = PBXGroup;
			children = (
				0491A48829B30D3A007136D2 /* CompanyTask */,
				0491A48729B30D3A007136D2 /* Products */,
				563B9B1FC35D5C5EAC030154 /* Pods */,
				154553E05C642C59C4D17255 /* Frameworks */,
			);
			sourceTree = "<group>";
		};
		0491A48729B30D3A007136D2 /* Products */ = {
			isa = PBXGroup;
			children = (
				0491A48629B30D3A007136D2 /* CompanyTask.app */,
			);
			name = Products;
			sourceTree = "<group>";
		};
		0491A48829B30D3A007136D2 /* CompanyTask */ = {
			isa = PBXGroup;
			children = (
				0491A48929B30D3A007136D2 /* AppDelegate.swift */,
				0491A48B29B30D3A007136D2 /* SceneDelegate.swift */,
				0491A48D29B30D3A007136D2 /* ViewController.swift */,
				0491A48F29B30D3B007136D2 /* Main.storyboard */,
				0491A49229B30D3D007136D2 /* Assets.xcassets */,
				0491A49429B30D3D007136D2 /* LaunchScreen.storyboard */,
				0491A49729B30D3D007136D2 /* Info.plist */,
				0491A49D29B30E3C007136D2 /* HomeViewController.swift */,
				0491A49F29B31162007136D2 /* Users.swift */,
				0491A4A129B31434007136D2 /* UsersCollectionViewCell.swift */,
				0491A4A229B31434007136D2 /* UsersCollectionViewCell.xib */,
				0491A4A929B31D96007136D2 /* Populations.swift */,
				0491A4AB29B339C5007136D2 /* PopulationTableViewCell.swift */,
				0491A4AC29B339C5007136D2 /* PopulationTableViewCell.xib */,
			);
			path = CompanyTask;
			sourceTree = "<group>";
		};
		154553E05C642C59C4D17255 /* Frameworks */ = {
			isa = PBXGroup;
			children = (
				506C54945CEC2573B4437813 /* Pods_CompanyTask.framework */,
			);
			name = Frameworks;
			sourceTree = "<group>";
		};
		563B9B1FC35D5C5EAC030154 /* Pods */ = {
			isa = PBXGroup;
			children = (
				78AC12E6B616EB93A7F44FFC /* Pods-CompanyTask.debug.xcconfig */,
				B32859836107A868FBBBF48C /* Pods-CompanyTask.release.xcconfig */,
			);
			path = Pods;
			sourceTree = "<group>";
		};
/* End PBXGroup section */

/* Begin PBXNativeTarget section */
		0491A48529B30D3A007136D2 /* CompanyTask */ = {
			isa = PBXNativeTarget;
			buildConfigurationList = 0491A49A29B30D3D007136D2 /* Build configuration list for PBXNativeTarget "CompanyTask" */;
			buildPhases = (
				7277252826C722F256A5E8E0 /* [CP] Check Pods Manifest.lock */,
				0491A48229B30D3A007136D2 /* Sources */,
				0491A48329B30D3A007136D2 /* Frameworks */,
				0491A48429B30D3A007136D2 /* Resources */,
				F35501E5D5F8FC37B46BDC36 /* [CP] Copy Pods Resources */,
			);
			buildRules = (
			);
			dependencies = (
			);
			name = CompanyTask;
			productName = CompanyTask;
			productReference = 0491A48629B30D3A007136D2 /* CompanyTask.app */;
			productType = "com.apple.product-type.application";
		};
/* End PBXNativeTarget section */

/* Begin PBXProject section */
		0491A47E29B30D3A007136D2 /* Project object */ = {
			isa = PBXProject;
			attributes = {
				BuildIndependentTargetsInParallel = 1;
				LastSwiftUpdateCheck = 1340;
				LastUpgradeCheck = 1340;
				TargetAttributes = {
					0491A48529B30D3A007136D2 = {
						CreatedOnToolsVersion = 13.4.1;
					};
				};
			};
			buildConfigurationList = 0491A48129B30D3A007136D2 /* Build configuration list for PBXProject "CompanyTask" */;
			compatibilityVersion = "Xcode 13.0";
			developmentRegion = en;
			hasScannedForEncodings = 0;
			knownRegions = (
				en,
				Base,
			);
			mainGroup = 0491A47D29B30D3A007136D2;
			productRefGroup = 0491A48729B30D3A007136D2 /* Products */;
			projectDirPath = "";
			projectRoot = "";
			targets = (
				0491A48529B30D3A007136D2 /* CompanyTask */,
			);
		};
/* End PBXProject section */

/* Begin PBXResourcesBuildPhase section */
		0491A48429B30D3A007136D2 /* Resources */ = {
			isa = PBXResourcesBuildPhase;
			buildActionMask = 2147483647;
			files = (
				0491A49629B30D3D007136D2 /* LaunchScreen.storyboard in Resources */,
				0491A4A429B31434007136D2 /* UsersCollectionViewCell.xib in Resources */,
				0491A49329B30D3D007136D2 /* Assets.xcassets in Resources */,
				0491A49129B30D3B007136D2 /* Main.storyboard in Resources */,
				0491A4AE29B339C5007136D2 /* PopulationTableViewCell.xib in Resources */,
			);
			runOnlyForDeploymentPostprocessing = 0;
		};
/* End PBXResourcesBuildPhase section */

/* Begin PBXShellScriptBuildPhase section */
		7277252826C722F256A5E8E0 /* [CP] Check Pods Manifest.lock */ = {
			isa = PBXShellScriptBuildPhase;
			buildActionMask = 2147483647;
			files = (
			);
			inputFileListPaths = (
			);
			inputPaths = (
				"${PODS_PODFILE_DIR_PATH}/Podfile.lock",
				"${PODS_ROOT}/Manifest.lock",
			);
			name = "[CP] Check Pods Manifest.lock";
			outputFileListPaths = (
			);
			outputPaths = (
				"$(DERIVED_FILE_DIR)/Pods-CompanyTask-checkManifestLockResult.txt",
			);
			runOnlyForDeploymentPostprocessing = 0;
			shellPath = /bin/sh;
			shellScript = "diff \"${PODS_PODFILE_DIR_PATH}/Podfile.lock\" \"${PODS_ROOT}/Manifest.lock\" > /dev/null\nif [ $? != 0 ] ; then\n    # print error to STDERR\n    echo \"error: The sandbox is not in sync with the Podfile.lock. Run 'pod install' or update your CocoaPods installation.\" >&2\n    exit 1\nfi\n# This output is used by Xcode 'outputs' to avoid re-running this script phase.\necho \"SUCCESS\" > \"${SCRIPT_OUTPUT_FILE_0}\"\n";
			showEnvVarsInLog = 0;
		};
		F35501E5D5F8FC37B46BDC36 /* [CP] Copy Pods Resources */ = {
			isa = PBXShellScriptBuildPhase;
			buildActionMask = 2147483647;
			files = (
			);
			inputFileListPaths = (
				"${PODS_ROOT}/Target Support Files/Pods-CompanyTask/Pods-CompanyTask-resources-${CONFIGURATION}-input-files.xcfilelist",
			);
			name = "[CP] Copy Pods Resources";
			outputFileListPaths = (
				"${PODS_ROOT}/Target Support Files/Pods-CompanyTask/Pods-CompanyTask-resources-${CONFIGURATION}-output-files.xcfilelist",
			);
			runOnlyForDeploymentPostprocessing = 0;
			shellPath = /bin/sh;
			shellScript = "\"${PODS_ROOT}/Target Support Files/Pods-CompanyTask/Pods-CompanyTask-resources.sh\"\n";
			showEnvVarsInLog = 0;
		};
/* End PBXShellScriptBuildPhase section */

/* Begin PBXSourcesBuildPhase section */
		0491A48229B30D3A007136D2 /* Sources */ = {
			isa = PBXSourcesBuildPhase;
			buildActionMask = 2147483647;
			files = (
				0491A48E29B30D3A007136D2 /* ViewController.swift in Sources */,
				0491A48A29B30D3A007136D2 /* AppDelegate.swift in Sources */,
				0491A4A029B31162007136D2 /* Users.swift in Sources */,
				0491A48C29B30D3A007136D2 /* SceneDelegate.swift in Sources */,
				0491A4AA29B31D96007136D2 /* Populations.swift in Sources */,
				0491A49E29B30E3C007136D2 /* HomeViewController.swift in Sources */,
				0491A4AD29B339C5007136D2 /* PopulationTableViewCell.swift in Sources */,
				0491A4A329B31434007136D2 /* UsersCollectionViewCell.swift in Sources */,
			);
			runOnlyForDeploymentPostprocessing = 0;
		};
/* End PBXSourcesBuildPhase section */

/* Begin PBXVariantGroup section */
		0491A48F29B30D3B007136D2 /* Main.storyboard */ = {
			isa = PBXVariantGroup;
			children = (
				0491A49029B30D3B007136D2 /* Base */,
			);
			name = Main.storyboard;
			sourceTree = "<group>";
		};
		0491A49429B30D3D007136D2 /* LaunchScreen.storyboard */ = {
			isa = PBXVariantGroup;
			children = (
				0491A49529B30D3D007136D2 /* Base */,
			);
			name = LaunchScreen.storyboard;
			sourceTree = "<group>";
		};
/* End PBXVariantGroup section */

/* Begin XCBuildConfiguration section */
		0491A49829B30D3D007136D2 /* Debug */ = {
			isa = XCBuildConfiguration;
			buildSettings = {
				ALWAYS_SEARCH_USER_PATHS = NO;
				CLANG_ANALYZER_NONNULL = YES;
				CLANG_ANALYZER_NUMBER_OBJECT_CONVERSION = YES_AGGRESSIVE;
				CLANG_CXX_LANGUAGE_STANDARD = "gnu++17";
				CLANG_ENABLE_MODULES = YES;
				CLANG_ENABLE_OBJC_ARC = YES;
				CLANG_ENABLE_OBJC_WEAK = YES;
				CLANG_WARN_BLOCK_CAPTURE_AUTORELEASING = YES;
				CLANG_WARN_BOOL_CONVERSION = YES;
				CLANG_WARN_COMMA = YES;
				CLANG_WARN_CONSTANT_CONVERSION = YES;
				CLANG_WARN_DEPRECATED_OBJC_IMPLEMENTATIONS = YES;
				CLANG_WARN_DIRECT_OBJC_ISA_USAGE = YES_ERROR;
				CLANG_WARN_DOCUMENTATION_COMMENTS = YES;
				CLANG_WARN_EMPTY_BODY = YES;
				CLANG_WARN_ENUM_CONVERSION = YES;
				CLANG_WARN_INFINITE_RECURSION = YES;
				CLANG_WARN_INT_CONVERSION = YES;
				CLANG_WARN_NON_LITERAL_NULL_CONVERSION = YES;
				CLANG_WARN_OBJC_IMPLICIT_RETAIN_SELF = YES;
				CLANG_WARN_OBJC_LITERAL_CONVERSION = YES;
				CLANG_WARN_OBJC_ROOT_CLASS = YES_ERROR;
				CLANG_WARN_QUOTED_INCLUDE_IN_FRAMEWORK_HEADER = YES;
				CLANG_WARN_RANGE_LOOP_ANALYSIS = YES;
				CLANG_WARN_STRICT_PROTOTYPES = YES;
				CLANG_WARN_SUSPICIOUS_MOVE = YES;
				CLANG_WARN_UNGUARDED_AVAILABILITY = YES_AGGRESSIVE;
				CLANG_WARN_UNREACHABLE_CODE = YES;
				CLANG_WARN__DUPLICATE_METHOD_MATCH = YES;
				COPY_PHASE_STRIP = NO;
				DEBUG_INFORMATION_FORMAT = dwarf;
				ENABLE_STRICT_OBJC_MSGSEND = YES;
				ENABLE_TESTABILITY = YES;
				GCC_C_LANGUAGE_STANDARD = gnu11;
				GCC_DYNAMIC_NO_PIC = NO;
				GCC_NO_COMMON_BLOCKS = YES;
				GCC_OPTIMIZATION_LEVEL = 0;
				GCC_PREPROCESSOR_DEFINITIONS = (
					"DEBUG=1",
					"$(inherited)",
				);
				GCC_WARN_64_TO_32_BIT_CONVERSION = YES;
				GCC_WARN_ABOUT_RETURN_TYPE = YES_ERROR;
				GCC_WARN_UNDECLARED_SELECTOR = YES;
				GCC_WARN_UNINITIALIZED_AUTOS = YES_AGGRESSIVE;
				GCC_WARN_UNUSED_FUNCTION = YES;
				GCC_WARN_UNUSED_VARIABLE = YES;
				IPHONEOS_DEPLOYMENT_TARGET = 15.5;
				MTL_ENABLE_DEBUG_INFO = INCLUDE_SOURCE;
				MTL_FAST_MATH = YES;
				ONLY_ACTIVE_ARCH = YES;
				SDKROOT = iphoneos;
				SWIFT_ACTIVE_COMPILATION_CONDITIONS = DEBUG;
				SWIFT_OPTIMIZATION_LEVEL = "-Onone";
			};
			name = Debug;
		};
		0491A49929B30D3D007136D2 /* Release */ = {
			isa = XCBuildConfiguration;
			buildSettings = {
				ALWAYS_SEARCH_USER_PATHS = NO;
				CLANG_ANALYZER_NONNULL = YES;
				CLANG_ANALYZER_NUMBER_OBJECT_CONVERSION = YES_AGGRESSIVE;
				CLANG_CXX_LANGUAGE_STANDARD = "gnu++17";
				CLANG_ENABLE_MODULES = YES;
				CLANG_ENABLE_OBJC_ARC = YES;
				CLANG_ENABLE_OBJC_WEAK = YES;
				CLANG_WARN_BLOCK_CAPTURE_AUTORELEASING = YES;
				CLANG_WARN_BOOL_CONVERSION = YES;
				CLANG_WARN_COMMA = YES;
				CLANG_WARN_CONSTANT_CONVERSION = YES;
				CLANG_WARN_DEPRECATED_OBJC_IMPLEMENTATIONS = YES;
				CLANG_WARN_DIRECT_OBJC_ISA_USAGE = YES_ERROR;
				CLANG_WARN_DOCUMENTATION_COMMENTS = YES;
				CLANG_WARN_EMPTY_BODY = YES;
				CLANG_WARN_ENUM_CONVERSION = YES;
				CLANG_WARN_INFINITE_RECURSION = YES;
				CLANG_WARN_INT_CONVERSION = YES;
				CLANG_WARN_NON_LITERAL_NULL_CONVERSION = YES;
				CLANG_WARN_OBJC_IMPLICIT_RETAIN_SELF = YES;
				CLANG_WARN_OBJC_LITERAL_CONVERSION = YES;
				CLANG_WARN_OBJC_ROOT_CLASS = YES_ERROR;
				CLANG_WARN_QUOTED_INCLUDE_IN_FRAMEWORK_HEADER = YES;
				CLANG_WARN_RANGE_LOOP_ANALYSIS = YES;
				CLANG_WARN_STRICT_PROTOTYPES = YES;
				CLANG_WARN_SUSPICIOUS_MOVE = YES;
				CLANG_WARN_UNGUARDED_AVAILABILITY = YES_AGGRESSIVE;
				CLANG_WARN_UNREACHABLE_CODE = YES;
				CLANG_WARN__DUPLICATE_METHOD_MATCH = YES;
				COPY_PHASE_STRIP = NO;
				DEBUG_INFORMATION_FORMAT = "dwarf-with-dsym";
				ENABLE_NS_ASSERTIONS = NO;
				ENABLE_STRICT_OBJC_MSGSEND = YES;
				GCC_C_LANGUAGE_STANDARD = gnu11;
				GCC_NO_COMMON_BLOCKS = YES;
				GCC_WARN_64_TO_32_BIT_CONVERSION = YES;
				GCC_WARN_ABOUT_RETURN_TYPE = YES_ERROR;
				GCC_WARN_UNDECLARED_SELECTOR = YES;
				GCC_WARN_UNINITIALIZED_AUTOS = YES_AGGRESSIVE;
				GCC_WARN_UNUSED_FUNCTION = YES;
				GCC_WARN_UNUSED_VARIABLE = YES;
				IPHONEOS_DEPLOYMENT_TARGET = 15.5;
				MTL_ENABLE_DEBUG_INFO = NO;
				MTL_FAST_MATH = YES;
				SDKROOT = iphoneos;
				SWIFT_COMPILATION_MODE = wholemodule;
				SWIFT_OPTIMIZATION_LEVEL = "-O";
				VALIDATE_PRODUCT = YES;
			};
			name = Release;
		};
		0491A49B29B30D3D007136D2 /* Debug */ = {
			isa = XCBuildConfiguration;
			baseConfigurationReference = 78AC12E6B616EB93A7F44FFC /* Pods-CompanyTask.debug.xcconfig */;
			buildSettings = {
				ASSETCATALOG_COMPILER_APPICON_NAME = AppIcon;
				ASSETCATALOG_COMPILER_GLOBAL_ACCENT_COLOR_NAME = AccentColor;
				CODE_SIGN_STYLE = Automatic;
				CURRENT_PROJECT_VERSION = 1;
				GENERATE_INFOPLIST_FILE = YES;
				INFOPLIST_FILE = CompanyTask/Info.plist;
				INFOPLIST_KEY_UIApplicationSupportsIndirectInputEvents = YES;
				INFOPLIST_KEY_UILaunchStoryboardName = LaunchScreen;
				INFOPLIST_KEY_UIMainStoryboardFile = Main;
				INFOPLIST_KEY_UISupportedInterfaceOrientations_iPad = "UIInterfaceOrientationPortrait UIInterfaceOrientationPortraitUpsideDown UIInterfaceOrientationLandscapeLeft UIInterfaceOrientationLandscapeRight";
				INFOPLIST_KEY_UISupportedInterfaceOrientations_iPhone = "UIInterfaceOrientationPortrait UIInterfaceOrientationLandscapeLeft UIInterfaceOrientationLandscapeRight";
				LD_RUNPATH_SEARCH_PATHS = (
					"$(inherited)",
					"@executable_path/Frameworks",
				);
				MARKETING_VERSION = 1.0;
				PRODUCT_BUNDLE_IDENTIFIER = com.pratiksha.CompanyTask;
				PRODUCT_NAME = "$(TARGET_NAME)";
				SWIFT_EMIT_LOC_STRINGS = YES;
				SWIFT_VERSION = 5.0;
				TARGETED_DEVICE_FAMILY = "1,2";
			};
			name = Debug;
		};
		0491A49C29B30D3D007136D2 /* Release */ = {
			isa = XCBuildConfiguration;
			baseConfigurationReference = B32859836107A868FBBBF48C /* Pods-CompanyTask.release.xcconfig */;
			buildSettings = {
				ASSETCATALOG_COMPILER_APPICON_NAME = AppIcon;
				ASSETCATALOG_COMPILER_GLOBAL_ACCENT_COLOR_NAME = AccentColor;
				CODE_SIGN_STYLE = Automatic;
				CURRENT_PROJECT_VERSION = 1;
				GENERATE_INFOPLIST_FILE = YES;
				INFOPLIST_FILE = CompanyTask/Info.plist;
				INFOPLIST_KEY_UIApplicationSupportsIndirectInputEvents = YES;
				INFOPLIST_KEY_UILaunchStoryboardName = LaunchScreen;
				INFOPLIST_KEY_UIMainStoryboardFile = Main;
				INFOPLIST_KEY_UISupportedInterfaceOrientations_iPad = "UIInterfaceOrientationPortrait UIInterfaceOrientationPortraitUpsideDown UIInterfaceOrientationLandscapeLeft UIInterfaceOrientationLandscapeRight";
				INFOPLIST_KEY_UISupportedInterfaceOrientations_iPhone = "UIInterfaceOrientationPortrait UIInterfaceOrientationLandscapeLeft UIInterfaceOrientationLandscapeRight";
				LD_RUNPATH_SEARCH_PATHS = (
					"$(inherited)",
					"@executable_path/Frameworks",
				);
				MARKETING_VERSION = 1.0;
				PRODUCT_BUNDLE_IDENTIFIER = com.pratiksha.CompanyTask;
				PRODUCT_NAME = "$(TARGET_NAME)";
				SWIFT_EMIT_LOC_STRINGS = YES;
				SWIFT_VERSION = 5.0;
				TARGETED_DEVICE_FAMILY = "1,2";
			};
			name = Release;
		};
/* End XCBuildConfiguration section */

/* Begin XCConfigurationList section */
		0491A48129B30D3A007136D2 /* Build configuration list for PBXProject "CompanyTask" */ = {
			isa = XCConfigurationList;
			buildConfigurations = (
				0491A49829B30D3D007136D2 /* Debug */,
				0491A49929B30D3D007136D2 /* Release */,
			);
			defaultConfigurationIsVisible = 0;
			defaultConfigurationName = Release;
		};
		0491A49A29B30D3D007136D2 /* Build configuration list for PBXNativeTarget "CompanyTask" */ = {
			isa = XCConfigurationList;
			buildConfigurations = (
				0491A49B29B30D3D007136D2 /* Debug */,
				0491A49C29B30D3D007136D2 /* Release */,
			);
			defaultConfigurationIsVisible = 0;
			defaultConfigurationName = Release;
		};
/* End XCConfigurationList section */
	};
	rootObject = 0491A47E29B30D3A007136D2 /* Project object */;
}
